
Microsoft Visual Studio Solution File, Format Version 12.00
# Visual Studio Version 16
VisualStudioVersion = 16.0.31515.178
MinimumVisualStudioVersion = 10.0.40219.1
Project("{888888A0-9F3D-457C-B088-3A5042F75D52}") = "guessing game", "guessing game.pyproj", "{50617737-3B43-49DF-8A48-F5D8D6270852}"
EndProject
Global
	GlobalSection(SolutionConfigurationPlatforms) = preSolution
		Debug|Any CPU = Debug|Any CPU
		Release|Any CPU = Release|Any CPU
	EndGlobalSection
	GlobalSection(ProjectConfigurationPlatforms) = postSolution
		{50617737-3B43-49DF-8A48-F5D8D6270852}.Debug|Any CPU.ActiveCfg = Debug|Any CPU
		{50617737-3B43-49DF-8A48-F5D8D6270852}.Release|Any CPU.ActiveCfg = Release|Any CPU
	EndGlobalSection
	GlobalSection(SolutionProperties) = preSolution
		HideSolutionNode = FALSE
	EndGlobalSection
	GlobalSection(ExtensibilityGlobals) = postSolution
		SolutionGuid = {B4FE8705-BA6E-45B1-B9E8-56AE1C44ED57}
	EndGlobalSection
EndGlobal
